
Microsoft Visual Studio Solution File, Format Version 12.00
# Visual Studio Version 17
VisualStudioVersion = 17.9.34728.123
MinimumVisualStudioVersion = 10.0.40219.1
Project("{FAE04EC0-301F-11D3-BF4B-00C04F79EFBC}") = "eHours", "eHours.csproj", "{D64EDBA3-6B6D-41E7-9A10-D6451763A185}"
EndProject
Global
	GlobalSection(SolutionConfigurationPlatforms) = preSolution
		Debug|Any CPU = Debug|Any CPU
		Release|Any CPU = Release|Any CPU
	EndGlobalSection
	GlobalSection(ProjectConfigurationPlatforms) = postSolution
		{D64EDBA3-6B6D-41E7-9A10-D6451763A185}.Debug|Any CPU.ActiveCfg = Debug|Any CPU
		{D64EDBA3-6B6D-41E7-9A10-D6451763A185}.Debug|Any CPU.Build.0 = Debug|Any CPU
		{D64EDBA3-6B6D-41E7-9A10-D6451763A185}.Release|Any CPU.ActiveCfg = Release|Any CPU
		{D64EDBA3-6B6D-41E7-9A10-D6451763A185}.Release|Any CPU.Build.0 = Release|Any CPU
	EndGlobalSection
	GlobalSection(SolutionProperties) = preSolution
		HideSolutionNode = FALSE
	EndGlobalSection
	GlobalSection(ExtensibilityGlobals) = postSolution
		SolutionGuid = {A311C072-560C-4AF8-8995-E5EA5C538FFB}
	EndGlobalSection
EndGlobal
